
Microsoft Visual Studio Solution File, Format Version 12.00
# Visual Studio Version 17
VisualStudioVersion = 17.0.31903.59
MinimumVisualStudioVersion = 10.0.40219.1
Project("{FAE04EC0-301F-11D3-BF4B-00C04F79EFBC}") = "Cortex.Console", "Cortex.Console\Cortex.Console.csproj", "{C41D7E4B-BF9E-447A-BCCC-51096D265900}"
EndProject
Project("{FAE04EC0-301F-11D3-BF4B-00C04F79EFBC}") = "Cortex.Infrastructure", "Cortex.Infrastructure\Cortex.Infrastructure.csproj", "{1F209F9C-832F-4A77-95BA-3982482D2E6C}"
EndProject
Project("{FAE04EC0-301F-11D3-BF4B-00C04F79EFBC}") = "Cortex.McpServer", "Cortex.McpServer\Cortex.McpServer.csproj", "{FF8BE1AA-EE6F-43CB-89EF-F498A32ECE52}"
EndProject
Global
	GlobalSection(SolutionConfigurationPlatforms) = preSolution
		Debug|Any CPU = Debug|Any CPU
		Debug|x64 = Debug|x64
		Debug|x86 = Debug|x86
		Release|Any CPU = Release|Any CPU
		Release|x64 = Release|x64
		Release|x86 = Release|x86
	EndGlobalSection
	GlobalSection(ProjectConfigurationPlatforms) = postSolution
		{C41D7E4B-BF9E-447A-BCCC-51096D265900}.Debug|Any CPU.ActiveCfg = Debug|Any CPU
		{C41D7E4B-BF9E-447A-BCCC-51096D265900}.Debug|Any CPU.Build.0 = Debug|Any CPU
		{C41D7E4B-BF9E-447A-BCCC-51096D265900}.Debug|x64.ActiveCfg = Debug|Any CPU
		{C41D7E4B-BF9E-447A-BCCC-51096D265900}.Debug|x64.Build.0 = Debug|Any CPU
		{C41D7E4B-BF9E-447A-BCCC-51096D265900}.Debug|x86.ActiveCfg = Debug|Any CPU
		{C41D7E4B-BF9E-447A-BCCC-51096D265900}.Debug|x86.Build.0 = Debug|Any CPU
		{C41D7E4B-BF9E-447A-BCCC-51096D265900}.Release|Any CPU.ActiveCfg = Release|Any CPU
		{C41D7E4B-BF9E-447A-BCCC-51096D265900}.Release|Any CPU.Build.0 = Release|Any CPU
		{C41D7E4B-BF9E-447A-BCCC-51096D265900}.Release|x64.ActiveCfg = Release|Any CPU
		{C41D7E4B-BF9E-447A-BCCC-51096D265900}.Release|x64.Build.0 = Release|Any CPU
		{C41D7E4B-BF9E-447A-BCCC-51096D265900}.Release|x86.ActiveCfg = Release|Any CPU
		{C41D7E4B-BF9E-447A-BCCC-51096D265900}.Release|x86.Build.0 = Release|Any CPU
		{1F209F9C-832F-4A77-95BA-3982482D2E6C}.Debug|Any CPU.ActiveCfg = Debug|Any CPU
		{1F209F9C-832F-4A77-95BA-3982482D2E6C}.Debug|Any CPU.Build.0 = Debug|Any CPU
		{1F209F9C-832F-4A77-95BA-3982482D2E6C}.Debug|x64.ActiveCfg = Debug|Any CPU
		{1F209F9C-832F-4A77-95BA-3982482D2E6C}.Debug|x64.Build.0 = Debug|Any CPU
		{1F209F9C-832F-4A77-95BA-3982482D2E6C}.Debug|x86.ActiveCfg = Debug|Any CPU
		{1F209F9C-832F-4A77-95BA-3982482D2E6C}.Debug|x86.Build.0 = Debug|Any CPU
		{1F209F9C-832F-4A77-95BA-3982482D2E6C}.Release|Any CPU.ActiveCfg = Release|Any CPU
		{1F209F9C-832F-4A77-95BA-3982482D2E6C}.Release|Any CPU.Build.0 = Release|Any CPU
		{1F209F9C-832F-4A77-95BA-3982482D2E6C}.Release|x64.ActiveCfg = Release|Any CPU
		{1F209F9C-832F-4A77-95BA-3982482D2E6C}.Release|x64.Build.0 = Release|Any CPU
		{1F209F9C-832F-4A77-95BA-3982482D2E6C}.Release|x86.ActiveCfg = Release|Any CPU
		{1F209F9C-832F-4A77-95BA-3982482D2E6C}.Release|x86.Build.0 = Release|Any CPU
		{FF8BE1AA-EE6F-43CB-89EF-F498A32ECE52}.Debug|Any CPU.ActiveCfg = Debug|Any CPU
		{FF8BE1AA-EE6F-43CB-89EF-F498A32ECE52}.Debug|Any CPU.Build.0 = Debug|Any CPU
		{FF8BE1AA-EE6F-43CB-89EF-F498A32ECE52}.Debug|x64.ActiveCfg = Debug|Any CPU
		{FF8BE1AA-EE6F-43CB-89EF-F498A32ECE52}.Debug|x64.Build.0 = Debug|Any CPU
		{FF8BE1AA-EE6F-43CB-89EF-F498A32ECE52}.Debug|x86.ActiveCfg = Debug|Any CPU
		{FF8BE1AA-EE6F-43CB-89EF-F498A32ECE52}.Debug|x86.Build.0 = Debug|Any CPU
		{FF8BE1AA-EE6F-43CB-89EF-F498A32ECE52}.Release|Any CPU.ActiveCfg = Release|Any CPU
		{FF8BE1AA-EE6F-43CB-89EF-F498A32ECE52}.Release|Any CPU.Build.0 = Release|Any CPU
		{FF8BE1AA-EE6F-43CB-89EF-F498A32ECE52}.Release|x64.ActiveCfg = Release|Any CPU
		{FF8BE1AA-EE6F-43CB-89EF-F498A32ECE52}.Release|x64.Build.0 = Release|Any CPU
		{FF8BE1AA-EE6F-43CB-89EF-F498A32ECE52}.Release|x86.ActiveCfg = Release|Any CPU
		{FF8BE1AA-EE6F-43CB-89EF-F498A32ECE52}.Release|x86.Build.0 = Release|Any CPU
	EndGlobalSection
	GlobalSection(SolutionProperties) = preSolution
		HideSolutionNode = FALSE
	EndGlobalSection
EndGlobal
